{
  "object": {
    "pins": [
      {
        "package": "Lottie",
        "repositoryURL": "https://github.com/airbnb/lottie-ios",
        "state": {
          "branch": "master",
          "revision": "8585e89bc5a3ad5512ad57248e86996ee6f881f6",
          "version": null
        }
      }
    ]
  },
  "version": 1
}
